// !$*UTF8*$!
{
	archiveVersion = 1;
	classes = {
	};
	objectVersion = 56;
	objects = {

/* Begin PBXBuildFile section */
		2220BC6B2DEA4A63008BF1DE /* ViewController.swift in Sources */ = {isa = PBXBuildFile; fileRef = 2220BC6A2DEA4A63008BF1DE /* ViewController.swift */; };
		2220BC6D2DEA4E23008BF1DE /* Main.storyboard in Resources */ = {isa = PBXBuildFile; fileRef = 2220BC6C2DEA4E23008BF1DE /* Main.storyboard */; };
		2220BC732DEA5C09008BF1DE /* Lottie in Frameworks */ = {isa = PBXBuildFile; productRef = 2220BC722DEA5C09008BF1DE /* Lottie */; };
		2220BC762DEA5D7D008BF1DE /* Alamofire in Frameworks */ = {isa = PBXBuildFile; productRef = 2220BC752DEA5D7D008BF1DE /* Alamofire */; };
		2220BC7D2DEA6DFA008BF1DE /* LeaguesTableViewCell.xib in Resources */ = {isa = PBXBuildFile; fileRef = 2220BC7B2DEA6DF9008BF1DE /* LeaguesTableViewCell.xib */; };
		2220BC7E2DEA6DFA008BF1DE /* LeaguesTableViewController.xib in Resources */ = {isa = PBXBuildFile; fileRef = 2220BC7C2DEA6DFA008BF1DE /* LeaguesTableViewController.xib */; };
		2220BC802DEA6F34008BF1DE /* LeaguesViewControllerProtocol.swift in Sources */ = {isa = PBXBuildFile; fileRef = 2220BC7F2DEA6F34008BF1DE /* LeaguesViewControllerProtocol.swift */; };
		2220BC832DEA7350008BF1DE /* Kingfisher in Frameworks */ = {isa = PBXBuildFile; productRef = 2220BC822DEA7350008BF1DE /* Kingfisher */; };
		2224A0B82DED07E80057BDFF /* CollectionReusableView.swift in Sources */ = {isa = PBXBuildFile; fileRef = 2224A0B72DED07E70057BDFF /* CollectionReusableView.swift */; };
		2224A0BD2DED257A0057BDFF /* LottieeCollectionViewCell.swift in Sources */ = {isa = PBXBuildFile; fileRef = 2224A0BB2DED257A0057BDFF /* LottieeCollectionViewCell.swift */; };
		2224A0BE2DED257A0057BDFF /* LottieeCollectionViewCell.xib in Resources */ = {isa = PBXBuildFile; fileRef = 2224A0BC2DED257A0057BDFF /* LottieeCollectionViewCell.xib */; };
		223321F42DE8783F00959ADB /* NetworkService.swift in Sources */ = {isa = PBXBuildFile; fileRef = 223321F32DE8783F00959ADB /* NetworkService.swift */; };
		223322042DE8AE7000959ADB /* CategoryHomePresenter.swift in Sources */ = {isa = PBXBuildFile; fileRef = 223322032DE8AE7000959ADB /* CategoryHomePresenter.swift */; };
		223322062DE8AEC600959ADB /* SplashPresenter.swift in Sources */ = {isa = PBXBuildFile; fileRef = 223322052DE8AEC600959ADB /* SplashPresenter.swift */; };
		2233220E2DE8C2BB00959ADB /* CategoryCollectionViewController.swift in Sources */ = {isa = PBXBuildFile; fileRef = 2233220C2DE8C2BB00959ADB /* CategoryCollectionViewController.swift */; };
		2233220F2DE8C2BB00959ADB /* CategoryCollectionViewController.xib in Resources */ = {isa = PBXBuildFile; fileRef = 2233220D2DE8C2BB00959ADB /* CategoryCollectionViewController.xib */; };
		223322122DE8C3AA00959ADB /* CategoryCollectionViewCell.swift in Sources */ = {isa = PBXBuildFile; fileRef = 223322102DE8C3AA00959ADB /* CategoryCollectionViewCell.swift */; };
		223322132DE8C3AA00959ADB /* CategoryCollectionViewCell.xib in Resources */ = {isa = PBXBuildFile; fileRef = 223322112DE8C3AA00959ADB /* CategoryCollectionViewCell.xib */; };
		2233221B2DE905A000959ADB /* TabBar.swift in Sources */ = {isa = PBXBuildFile; fileRef = 223322192DE905A000959ADB /* TabBar.swift */; };
		2233221C2DE905A000959ADB /* TabBar.xib in Resources */ = {isa = PBXBuildFile; fileRef = 2233221A2DE905A000959ADB /* TabBar.xib */; };
		223322202DE90E2300959ADB /* FavoritesTableViewController.swift in Sources */ = {isa = PBXBuildFile; fileRef = 2233221E2DE90E2300959ADB /* FavoritesTableViewController.swift */; };
		223322212DE90E2300959ADB /* FavoritesTableViewController.xib in Resources */ = {isa = PBXBuildFile; fileRef = 2233221F2DE90E2300959ADB /* FavoritesTableViewController.xib */; };
		22577D812DEBB72A002BF2A1 /* Details.storyboard in Resources */ = {isa = PBXBuildFile; fileRef = 22577D802DEBB729002BF2A1 /* Details.storyboard */; };
		22577D832DEBC191002BF2A1 /* DetailsLeaguesCollectionViewController.swift in Sources */ = {isa = PBXBuildFile; fileRef = 22577D822DEBC191002BF2A1 /* DetailsLeaguesCollectionViewController.swift */; };
		22577D882DEBC485002BF2A1 /* LeaguesDetailsPresenter.swift in Sources */ = {isa = PBXBuildFile; fileRef = 22577D872DEBC485002BF2A1 /* LeaguesDetailsPresenter.swift */; };
		22577D8A2DEBC522002BF2A1 /* LeaguesDetailsPresenterProtocol.swift in Sources */ = {isa = PBXBuildFile; fileRef = 22577D892DEBC522002BF2A1 /* LeaguesDetailsPresenterProtocol.swift */; };
		2265FEBB2DEC70BC0017B3F7 /* UpComingEventsCollectionViewCell.swift in Sources */ = {isa = PBXBuildFile; fileRef = 2265FEB92DEC70BC0017B3F7 /* UpComingEventsCollectionViewCell.swift */; };
		2265FEBC2DEC70BC0017B3F7 /* UpComingEventsCollectionViewCell.xib in Resources */ = {isa = PBXBuildFile; fileRef = 2265FEBA2DEC70BC0017B3F7 /* UpComingEventsCollectionViewCell.xib */; };
		229243AA2DE5A979009A4F96 /* AppDelegate.swift in Sources */ = {isa = PBXBuildFile; fileRef = 229243A92DE5A979009A4F96 /* AppDelegate.swift */; };
		229243AC2DE5A979009A4F96 /* SceneDelegate.swift in Sources */ = {isa = PBXBuildFile; fileRef = 229243AB2DE5A979009A4F96 /* SceneDelegate.swift */; };
		229243B42DE5A979009A4F96 /* SporaApp.xcdatamodeld in Sources */ = {isa = PBXBuildFile; fileRef = 229243B22DE5A979009A4F96 /* SporaApp.xcdatamodeld */; };
		229243B62DE5A982009A4F96 /* Assets.xcassets in Resources */ = {isa = PBXBuildFile; fileRef = 229243B52DE5A982009A4F96 /* Assets.xcassets */; };
		229243B92DE5A982009A4F96 /* LaunchScreen.storyboard in Resources */ = {isa = PBXBuildFile; fileRef = 229243B72DE5A982009A4F96 /* LaunchScreen.storyboard */; };
		229243C42DE5A983009A4F96 /* SporaAppTests.swift in Sources */ = {isa = PBXBuildFile; fileRef = 229243C32DE5A983009A4F96 /* SporaAppTests.swift */; };
		229243CE2DE5A983009A4F96 /* SporaAppUITests.swift in Sources */ = {isa = PBXBuildFile; fileRef = 229243CD2DE5A983009A4F96 /* SporaAppUITests.swift */; };
		229243D02DE5A983009A4F96 /* SporaAppUITestsLaunchTests.swift in Sources */ = {isa = PBXBuildFile; fileRef = 229243CF2DE5A983009A4F96 /* SporaAppUITestsLaunchTests.swift */; };
		22CF1FCA2DECF34F009B8C47 /* empty.json in Resources */ = {isa = PBXBuildFile; fileRef = 22CF1FC92DECF34D009B8C47 /* empty.json */; };
		9508AF420E68438930E1BA33 /* Pods_SporaApp_SporaAppUITests.framework in Frameworks */ = {isa = PBXBuildFile; fileRef = C4A042792D581E0860B5F996 /* Pods_SporaApp_SporaAppUITests.framework */; };
		A01B2CD32DECE71C00958700 /* TeamsDetailsPresenter.swift in Sources */ = {isa = PBXBuildFile; fileRef = A01B2CD22DECE71C00958700 /* TeamsDetailsPresenter.swift */; };
		A01CA4802DEC6B5900E1C921 /* TeamsModel.swift in Sources */ = {isa = PBXBuildFile; fileRef = A01CA47F2DEC6B5800E1C921 /* TeamsModel.swift */; };
		A01CA4872DEC9FC900E1C921 /* LeaguesDetailsModel.swift in Sources */ = {isa = PBXBuildFile; fileRef = A01CA4862DEC9FC900E1C921 /* LeaguesDetailsModel.swift */; };
		A01CA48A2DECA1F900E1C921 /* TeamsCollectionViewCell.swift in Sources */ = {isa = PBXBuildFile; fileRef = A01CA4882DECA1F900E1C921 /* TeamsCollectionViewCell.swift */; };
		A01CA48B2DECA1F900E1C921 /* TeamsCollectionViewCell.xib in Resources */ = {isa = PBXBuildFile; fileRef = A01CA4892DECA1F900E1C921 /* TeamsCollectionViewCell.xib */; };
		A01CA48E2DECA88A00E1C921 /* TeamsDetails.storyboard in Resources */ = {isa = PBXBuildFile; fileRef = A01CA48D2DECA88A00E1C921 /* TeamsDetails.storyboard */; };
		A01CA4902DECA93900E1C921 /* TeamsDetailsViewController.swift in Sources */ = {isa = PBXBuildFile; fileRef = A01CA48F2DECA93900E1C921 /* TeamsDetailsViewController.swift */; };
		A01CA4942DECAAEA00E1C921 /* TeamsDetailsTableViewCell.swift in Sources */ = {isa = PBXBuildFile; fileRef = A01CA4922DECAAEA00E1C921 /* TeamsDetailsTableViewCell.swift */; };
		A01CA4952DECAAEA00E1C921 /* TeamsDetailsTableViewCell.xib in Resources */ = {isa = PBXBuildFile; fileRef = A01CA4932DECAAEA00E1C921 /* TeamsDetailsTableViewCell.xib */; };
		A073C51A2DEB623700CF39DE /* splash.json in Resources */ = {isa = PBXBuildFile; fileRef = A073C5192DEB623700CF39DE /* splash.json */; };
		A0AF51A82DE8877200B72BD1 /* LeaguesTableViewController.swift in Sources */ = {isa = PBXBuildFile; fileRef = A0AF51A62DE8877200B72BD1 /* LeaguesTableViewController.swift */; };
		A0AF51AD2DE88C6400B72BD1 /* LeaguesTableViewCell.swift in Sources */ = {isa = PBXBuildFile; fileRef = A0AF51AB2DE88C6400B72BD1 /* LeaguesTableViewCell.swift */; };
		A0AF51B02DE8948D00B72BD1 /* LeaguesPresenter.swift in Sources */ = {isa = PBXBuildFile; fileRef = A0AF51AF2DE8948D00B72BD1 /* LeaguesPresenter.swift */; };
		A0AF51B52DE8A59600B72BD1 /* NetworkServiceProtocol.swift in Sources */ = {isa = PBXBuildFile; fileRef = A0AF51B42DE8A59600B72BD1 /* NetworkServiceProtocol.swift */; };
		A0AF51B72DE8A73D00B72BD1 /* LeaugeModel.swift in Sources */ = {isa = PBXBuildFile; fileRef = A0AF51B62DE8A73D00B72BD1 /* LeaugeModel.swift */; };
		A0AF51BB2DE8B72800B72BD1 /* APIKeys.swift in Sources */ = {isa = PBXBuildFile; fileRef = A0AF51BA2DE8B72800B72BD1 /* APIKeys.swift */; };
		F1B51E73056153EB50B6AB6C /* Pods_SporaAppTests.framework in Frameworks */ = {isa = PBXBuildFile; fileRef = 5C4D46B545E17AA4436C6E43 /* Pods_SporaAppTests.framework */; };
/* End PBXBuildFile section */

/* Begin PBXContainerItemProxy section */
		229243C02DE5A983009A4F96 /* PBXContainerItemProxy */ = {
			isa = PBXContainerItemProxy;
			containerPortal = 2292439E2DE5A979009A4F96 /* Project object */;
			proxyType = 1;
			remoteGlobalIDString = 229243A52DE5A979009A4F96;
			remoteInfo = SporaApp;
		};
		229243CA2DE5A983009A4F96 /* PBXContainerItemProxy */ = {
			isa = PBXContainerItemProxy;
			containerPortal = 2292439E2DE5A979009A4F96 /* Project object */;
			proxyType = 1;
			remoteGlobalIDString = 229243A52DE5A979009A4F96;
			remoteInfo = SporaApp;
		};
/* End PBXContainerItemProxy section */

/* Begin PBXFileReference section */
		2220BC6A2DEA4A63008BF1DE /* ViewController.swift */ = {isa = PBXFileReference; fileEncoding = 4; lastKnownFileType = sourcecode.swift; path = ViewController.swift; sourceTree = "<group>"; };
		2220BC6C2DEA4E23008BF1DE /* Main.storyboard */ = {isa = PBXFileReference; lastKnownFileType = file.storyboard; path = Main.storyboard; sourceTree = "<group>"; };
		2220BC7B2DEA6DF9008BF1DE /* LeaguesTableViewCell.xib */ = {isa = PBXFileReference; fileEncoding = 4; lastKnownFileType = file.xib; path = LeaguesTableViewCell.xib; sourceTree = "<group>"; };
		2220BC7C2DEA6DFA008BF1DE /* LeaguesTableViewController.xib */ = {isa = PBXFileReference; fileEncoding = 4; lastKnownFileType = file.xib; path = LeaguesTableViewController.xib; sourceTree = "<group>"; };
		2220BC7F2DEA6F34008BF1DE /* LeaguesViewControllerProtocol.swift */ = {isa = PBXFileReference; fileEncoding = 4; lastKnownFileType = sourcecode.swift; path = LeaguesViewControllerProtocol.swift; sourceTree = "<group>"; };
		2224A0B72DED07E70057BDFF /* CollectionReusableView.swift */ = {isa = PBXFileReference; lastKnownFileType = sourcecode.swift; path = CollectionReusableView.swift; sourceTree = "<group>"; };
		2224A0BB2DED257A0057BDFF /* LottieeCollectionViewCell.swift */ = {isa = PBXFileReference; lastKnownFileType = sourcecode.swift; path = LottieeCollectionViewCell.swift; sourceTree = "<group>"; };
		2224A0BC2DED257A0057BDFF /* LottieeCollectionViewCell.xib */ = {isa = PBXFileReference; lastKnownFileType = file.xib; path = LottieeCollectionViewCell.xib; sourceTree = "<group>"; };
		223321F32DE8783F00959ADB /* NetworkService.swift */ = {isa = PBXFileReference; lastKnownFileType = sourcecode.swift; path = NetworkService.swift; sourceTree = "<group>"; };
		223322032DE8AE7000959ADB /* CategoryHomePresenter.swift */ = {isa = PBXFileReference; lastKnownFileType = sourcecode.swift; name = CategoryHomePresenter.swift; path = SporaApp/CategoryHomePresenter.swift; sourceTree = SOURCE_ROOT; };
		223322052DE8AEC600959ADB /* SplashPresenter.swift */ = {isa = PBXFileReference; lastKnownFileType = sourcecode.swift; name = SplashPresenter.swift; path = SporaApp/SplashPresenter.swift; sourceTree = SOURCE_ROOT; };
		2233220C2DE8C2BB00959ADB /* CategoryCollectionViewController.swift */ = {isa = PBXFileReference; lastKnownFileType = sourcecode.swift; path = CategoryCollectionViewController.swift; sourceTree = "<group>"; };
		2233220D2DE8C2BB00959ADB /* CategoryCollectionViewController.xib */ = {isa = PBXFileReference; lastKnownFileType = file.xib; path = CategoryCollectionViewController.xib; sourceTree = "<group>"; };
		223322102DE8C3AA00959ADB /* CategoryCollectionViewCell.swift */ = {isa = PBXFileReference; lastKnownFileType = sourcecode.swift; path = CategoryCollectionViewCell.swift; sourceTree = "<group>"; };
		223322112DE8C3AA00959ADB /* CategoryCollectionViewCell.xib */ = {isa = PBXFileReference; lastKnownFileType = file.xib; path = CategoryCollectionViewCell.xib; sourceTree = "<group>"; };
		223322192DE905A000959ADB /* TabBar.swift */ = {isa = PBXFileReference; lastKnownFileType = sourcecode.swift; path = TabBar.swift; sourceTree = "<group>"; };
		2233221A2DE905A000959ADB /* TabBar.xib */ = {isa = PBXFileReference; lastKnownFileType = file.xib; path = TabBar.xib; sourceTree = "<group>"; };
		2233221E2DE90E2300959ADB /* FavoritesTableViewController.swift */ = {isa = PBXFileReference; lastKnownFileType = sourcecode.swift; path = FavoritesTableViewController.swift; sourceTree = "<group>"; };
		2233221F2DE90E2300959ADB /* FavoritesTableViewController.xib */ = {isa = PBXFileReference; lastKnownFileType = file.xib; path = FavoritesTableViewController.xib; sourceTree = "<group>"; };
		22577D802DEBB729002BF2A1 /* Details.storyboard */ = {isa = PBXFileReference; lastKnownFileType = file.storyboard; path = Details.storyboard; sourceTree = "<group>"; };
		22577D822DEBC191002BF2A1 /* DetailsLeaguesCollectionViewController.swift */ = {isa = PBXFileReference; lastKnownFileType = sourcecode.swift; path = DetailsLeaguesCollectionViewController.swift; sourceTree = "<group>"; };
		22577D872DEBC485002BF2A1 /* LeaguesDetailsPresenter.swift */ = {isa = PBXFileReference; lastKnownFileType = sourcecode.swift; path = LeaguesDetailsPresenter.swift; sourceTree = "<group>"; };
		22577D892DEBC522002BF2A1 /* LeaguesDetailsPresenterProtocol.swift */ = {isa = PBXFileReference; lastKnownFileType = sourcecode.swift; path = LeaguesDetailsPresenterProtocol.swift; sourceTree = "<group>"; };
		2265FEB92DEC70BC0017B3F7 /* UpComingEventsCollectionViewCell.swift */ = {isa = PBXFileReference; lastKnownFileType = sourcecode.swift; path = UpComingEventsCollectionViewCell.swift; sourceTree = "<group>"; };
		2265FEBA2DEC70BC0017B3F7 /* UpComingEventsCollectionViewCell.xib */ = {isa = PBXFileReference; lastKnownFileType = file.xib; path = UpComingEventsCollectionViewCell.xib; sourceTree = "<group>"; };
		229243A62DE5A979009A4F96 /* SporaApp.app */ = {isa = PBXFileReference; explicitFileType = wrapper.application; includeInIndex = 0; path = SporaApp.app; sourceTree = BUILT_PRODUCTS_DIR; };
		229243A92DE5A979009A4F96 /* AppDelegate.swift */ = {isa = PBXFileReference; lastKnownFileType = sourcecode.swift; path = AppDelegate.swift; sourceTree = "<group>"; };
		229243AB2DE5A979009A4F96 /* SceneDelegate.swift */ = {isa = PBXFileReference; lastKnownFileType = sourcecode.swift; path = SceneDelegate.swift; sourceTree = "<group>"; };
		229243B32DE5A979009A4F96 /* SporaApp.xcdatamodel */ = {isa = PBXFileReference; lastKnownFileType = wrapper.xcdatamodel; path = SporaApp.xcdatamodel; sourceTree = "<group>"; };
		229243B52DE5A982009A4F96 /* Assets.xcassets */ = {isa = PBXFileReference; lastKnownFileType = folder.assetcatalog; path = Assets.xcassets; sourceTree = "<group>"; };
		229243B82DE5A982009A4F96 /* Base */ = {isa = PBXFileReference; lastKnownFileType = file.storyboard; name = Base; path = Base.lproj/LaunchScreen.storyboard; sourceTree = "<group>"; };
		229243BA2DE5A982009A4F96 /* Info.plist */ = {isa = PBXFileReference; lastKnownFileType = text.plist.xml; path = Info.plist; sourceTree = "<group>"; };
		229243BF2DE5A983009A4F96 /* SporaAppTests.xctest */ = {isa = PBXFileReference; explicitFileType = wrapper.cfbundle; includeInIndex = 0; path = SporaAppTests.xctest; sourceTree = BUILT_PRODUCTS_DIR; };
		229243C32DE5A983009A4F96 /* SporaAppTests.swift */ = {isa = PBXFileReference; lastKnownFileType = sourcecode.swift; path = SporaAppTests.swift; sourceTree = "<group>"; };
		229243C92DE5A983009A4F96 /* SporaAppUITests.xctest */ = {isa = PBXFileReference; explicitFileType = wrapper.cfbundle; includeInIndex = 0; path = SporaAppUITests.xctest; sourceTree = BUILT_PRODUCTS_DIR; };
		229243CD2DE5A983009A4F96 /* SporaAppUITests.swift */ = {isa = PBXFileReference; lastKnownFileType = sourcecode.swift; path = SporaAppUITests.swift; sourceTree = "<group>"; };
		229243CF2DE5A983009A4F96 /* SporaAppUITestsLaunchTests.swift */ = {isa = PBXFileReference; lastKnownFileType = sourcecode.swift; path = SporaAppUITestsLaunchTests.swift; sourceTree = "<group>"; };
		22CF1FC92DECF34D009B8C47 /* empty.json */ = {isa = PBXFileReference; fileEncoding = 4; lastKnownFileType = text.json; path = empty.json; sourceTree = "<group>"; };
		5C4D46B545E17AA4436C6E43 /* Pods_SporaAppTests.framework */ = {isa = PBXFileReference; explicitFileType = wrapper.framework; includeInIndex = 0; path = Pods_SporaAppTests.framework; sourceTree = BUILT_PRODUCTS_DIR; };
		7311FAB2242BCE0A4619BD50 /* Pods_SporaApp.framework */ = {isa = PBXFileReference; explicitFileType = wrapper.framework; includeInIndex = 0; path = Pods_SporaApp.framework; sourceTree = BUILT_PRODUCTS_DIR; };
		A01B2CD22DECE71C00958700 /* TeamsDetailsPresenter.swift */ = {isa = PBXFileReference; lastKnownFileType = sourcecode.swift; path = TeamsDetailsPresenter.swift; sourceTree = "<group>"; };
		A01CA47F2DEC6B5800E1C921 /* TeamsModel.swift */ = {isa = PBXFileReference; lastKnownFileType = sourcecode.swift; path = TeamsModel.swift; sourceTree = "<group>"; };
		A01CA4862DEC9FC900E1C921 /* LeaguesDetailsModel.swift */ = {isa = PBXFileReference; lastKnownFileType = sourcecode.swift; path = LeaguesDetailsModel.swift; sourceTree = "<group>"; };
		A01CA4882DECA1F900E1C921 /* TeamsCollectionViewCell.swift */ = {isa = PBXFileReference; lastKnownFileType = sourcecode.swift; path = TeamsCollectionViewCell.swift; sourceTree = "<group>"; };
		A01CA4892DECA1F900E1C921 /* TeamsCollectionViewCell.xib */ = {isa = PBXFileReference; lastKnownFileType = file.xib; path = TeamsCollectionViewCell.xib; sourceTree = "<group>"; };
		A01CA48D2DECA88A00E1C921 /* TeamsDetails.storyboard */ = {isa = PBXFileReference; lastKnownFileType = file.storyboard; path = TeamsDetails.storyboard; sourceTree = "<group>"; };
		A01CA48F2DECA93900E1C921 /* TeamsDetailsViewController.swift */ = {isa = PBXFileReference; lastKnownFileType = sourcecode.swift; path = TeamsDetailsViewController.swift; sourceTree = "<group>"; };
		A01CA4922DECAAEA00E1C921 /* TeamsDetailsTableViewCell.swift */ = {isa = PBXFileReference; lastKnownFileType = sourcecode.swift; path = TeamsDetailsTableViewCell.swift; sourceTree = "<group>"; };
		A01CA4932DECAAEA00E1C921 /* TeamsDetailsTableViewCell.xib */ = {isa = PBXFileReference; lastKnownFileType = file.xib; path = TeamsDetailsTableViewCell.xib; sourceTree = "<group>"; };
		A073C5192DEB623700CF39DE /* splash.json */ = {isa = PBXFileReference; lastKnownFileType = text.json; path = splash.json; sourceTree = "<group>"; };
		A0AF51A62DE8877200B72BD1 /* LeaguesTableViewController.swift */ = {isa = PBXFileReference; lastKnownFileType = sourcecode.swift; path = LeaguesTableViewController.swift; sourceTree = "<group>"; };
		A0AF51AB2DE88C6400B72BD1 /* LeaguesTableViewCell.swift */ = {isa = PBXFileReference; lastKnownFileType = sourcecode.swift; path = LeaguesTableViewCell.swift; sourceTree = "<group>"; };
		A0AF51AF2DE8948D00B72BD1 /* LeaguesPresenter.swift */ = {isa = PBXFileReference; lastKnownFileType = sourcecode.swift; path = LeaguesPresenter.swift; sourceTree = "<group>"; };
		A0AF51B42DE8A59600B72BD1 /* NetworkServiceProtocol.swift */ = {isa = PBXFileReference; lastKnownFileType = sourcecode.swift; path = NetworkServiceProtocol.swift; sourceTree = "<group>"; };
		A0AF51B62DE8A73D00B72BD1 /* LeaugeModel.swift */ = {isa = PBXFileReference; lastKnownFileType = sourcecode.swift; path = LeaugeModel.swift; sourceTree = "<group>"; };
		A0AF51BA2DE8B72800B72BD1 /* APIKeys.swift */ = {isa = PBXFileReference; lastKnownFileType = sourcecode.swift; path = APIKeys.swift; sourceTree = "<group>"; };
		C4A042792D581E0860B5F996 /* Pods_SporaApp_SporaAppUITests.framework */ = {isa = PBXFileReference; explicitFileType = wrapper.framework; includeInIndex = 0; path = Pods_SporaApp_SporaAppUITests.framework; sourceTree = BUILT_PRODUCTS_DIR; };
/* End PBXFileReference section */

/* Begin PBXFrameworksBuildPhase section */
		229243A32DE5A979009A4F96 /* Frameworks */ = {
			isa = PBXFrameworksBuildPhase;
			buildActionMask = 2147483647;
			files = (
				2220BC832DEA7350008BF1DE /* Kingfisher in Frameworks */,
				2220BC732DEA5C09008BF1DE /* Lottie in Frameworks */,
				2220BC762DEA5D7D008BF1DE /* Alamofire in Frameworks */,
			);
			runOnlyForDeploymentPostprocessing = 0;
		};
		229243BC2DE5A983009A4F96 /* Frameworks */ = {
			isa = PBXFrameworksBuildPhase;
			buildActionMask = 2147483647;
			files = (
				F1B51E73056153EB50B6AB6C /* Pods_SporaAppTests.framework in Frameworks */,
			);
			runOnlyForDeploymentPostprocessing = 0;
		};
		229243C62DE5A983009A4F96 /* Frameworks */ = {
			isa = PBXFrameworksBuildPhase;
			buildActionMask = 2147483647;
			files = (
				9508AF420E68438930E1BA33 /* Pods_SporaApp_SporaAppUITests.framework in Frameworks */,
			);
			runOnlyForDeploymentPostprocessing = 0;
		};
/* End PBXFrameworksBuildPhase section */

/* Begin PBXGroup section */
		2220BC782DEA6B1B008BF1DE /* leagues */ = {
			isa = PBXGroup;
			children = (
				2220BC7A2DEA6D77008BF1DE /* xibfiles */,
				A0AF51A62DE8877200B72BD1 /* LeaguesTableViewController.swift */,
				A0AF51AB2DE88C6400B72BD1 /* LeaguesTableViewCell.swift */,
				2220BC7F2DEA6F34008BF1DE /* LeaguesViewControllerProtocol.swift */,
			);
			path = leagues;
			sourceTree = "<group>";
		};
		2220BC7A2DEA6D77008BF1DE /* xibfiles */ = {
			isa = PBXGroup;
			children = (
				2220BC7B2DEA6DF9008BF1DE /* LeaguesTableViewCell.xib */,
				2220BC7C2DEA6DFA008BF1DE /* LeaguesTableViewController.xib */,
			);
			path = xibfiles;
			sourceTree = "<group>";
		};
		223321EA2DE8768D00959ADB /* Model */ = {
			isa = PBXGroup;
			children = (
				223321F22DE8782400959ADB /* Services */,
				A0AF51B62DE8A73D00B72BD1 /* LeaugeModel.swift */,
				A01CA47F2DEC6B5800E1C921 /* TeamsModel.swift */,
				A01CA4862DEC9FC900E1C921 /* LeaguesDetailsModel.swift */,
			);
			path = Model;
			sourceTree = "<group>";
		};
		223321EC2DE876D100959ADB /* Presenter */ = {
			isa = PBXGroup;
			children = (
				A01B2CD12DECE6F800958700 /* TeamsDetails */,
				22577D862DEBC45E002BF2A1 /* LeaguesDetails */,
				223322032DE8AE7000959ADB /* CategoryHomePresenter.swift */,
				223322052DE8AEC600959ADB /* SplashPresenter.swift */,
				A0AF51B82DE8AF3E00B72BD1 /* Leagues */,
			);
			path = Presenter;
			sourceTree = "<group>";
		};
		223321ED2DE8774C00959ADB /* App */ = {
			isa = PBXGroup;
			children = (
				229243A92DE5A979009A4F96 /* AppDelegate.swift */,
				229243AB2DE5A979009A4F96 /* SceneDelegate.swift */,
			);
			path = App;
			sourceTree = "<group>";
		};
		223321F02DE8779600959ADB /* Resources */ = {
			isa = PBXGroup;
			children = (
				229243B52DE5A982009A4F96 /* Assets.xcassets */,
			);
			path = Resources;
			sourceTree = "<group>";
		};
		223321F12DE877E000959ADB /* tabbar */ = {
			isa = PBXGroup;
			children = (
				223322192DE905A000959ADB /* TabBar.swift */,
				2233221A2DE905A000959ADB /* TabBar.xib */,
			);
			path = tabbar;
			sourceTree = "<group>";
		};
		223321F22DE8782400959ADB /* Services */ = {
			isa = PBXGroup;
			children = (
				223321F32DE8783F00959ADB /* NetworkService.swift */,
				A0AF51B42DE8A59600B72BD1 /* NetworkServiceProtocol.swift */,
			);
			path = Services;
			sourceTree = "<group>";
		};
		223322022DE8AABC00959ADB /* View */ = {
			isa = PBXGroup;
			children = (
				22577D7F2DEBB305002BF2A1 /* DetailsOfLeagues */,
				A01CA4812DEC877900E1C921 /* TeamsDetails */,
				229243B72DE5A982009A4F96 /* LaunchScreen.storyboard */,
				2233221D2DE90CAA00959ADB /* favorites */,
				223322142DE903E300959ADB /* splash */,
				223322092DE8BA8D00959ADB /* category */,
				2220BC782DEA6B1B008BF1DE /* leagues */,
				223321F12DE877E000959ADB /* tabbar */,
			);
			path = View;
			sourceTree = "<group>";
		};
		223322092DE8BA8D00959ADB /* category */ = {
			isa = PBXGroup;
			children = (
				2233220C2DE8C2BB00959ADB /* CategoryCollectionViewController.swift */,
				2233220D2DE8C2BB00959ADB /* CategoryCollectionViewController.xib */,
				223322102DE8C3AA00959ADB /* CategoryCollectionViewCell.swift */,
				223322112DE8C3AA00959ADB /* CategoryCollectionViewCell.xib */,
			);
			path = category;
			sourceTree = "<group>";
		};
		223322142DE903E300959ADB /* splash */ = {
			isa = PBXGroup;
			children = (
				2220BC6C2DEA4E23008BF1DE /* Main.storyboard */,
				2220BC6A2DEA4A63008BF1DE /* ViewController.swift */,
			);
			path = splash;
			sourceTree = "<group>";
		};
		2233221D2DE90CAA00959ADB /* favorites */ = {
			isa = PBXGroup;
			children = (
				2233221E2DE90E2300959ADB /* FavoritesTableViewController.swift */,
				2233221F2DE90E2300959ADB /* FavoritesTableViewController.xib */,
			);
			path = favorites;
			sourceTree = "<group>";
		};
		22577D7F2DEBB305002BF2A1 /* DetailsOfLeagues */ = {
			isa = PBXGroup;
			children = (
				2265FEC12DEC70DE0017B3F7 /* xibFiles */,
				22577D802DEBB729002BF2A1 /* Details.storyboard */,
				2224A0BB2DED257A0057BDFF /* LottieeCollectionViewCell.swift */,
				22577D822DEBC191002BF2A1 /* DetailsLeaguesCollectionViewController.swift */,
				2265FEB92DEC70BC0017B3F7 /* UpComingEventsCollectionViewCell.swift */,
				2224A0B72DED07E70057BDFF /* CollectionReusableView.swift */,
				A01CA4882DECA1F900E1C921 /* TeamsCollectionViewCell.swift */,
			);
			path = DetailsOfLeagues;
			sourceTree = "<group>";
		};
		22577D862DEBC45E002BF2A1 /* LeaguesDetails */ = {
			isa = PBXGroup;
			children = (
				22577D872DEBC485002BF2A1 /* LeaguesDetailsPresenter.swift */,
				22577D892DEBC522002BF2A1 /* LeaguesDetailsPresenterProtocol.swift */,
			);
			path = LeaguesDetails;
			sourceTree = "<group>";
		};
		2265FEC12DEC70DE0017B3F7 /* xibFiles */ = {
			isa = PBXGroup;
			children = (
				2265FEBA2DEC70BC0017B3F7 /* UpComingEventsCollectionViewCell.xib */,
				2224A0BC2DED257A0057BDFF /* LottieeCollectionViewCell.xib */,
				A01CA4892DECA1F900E1C921 /* TeamsCollectionViewCell.xib */,
			);
			path = xibFiles;
			sourceTree = "<group>";
		};
		2292439D2DE5A979009A4F96 = {
			isa = PBXGroup;
			children = (
				229243A82DE5A979009A4F96 /* SporaApp */,
				229243C22DE5A983009A4F96 /* SporaAppTests */,
				229243CC2DE5A983009A4F96 /* SporaAppUITests */,
				229243A72DE5A979009A4F96 /* Products */,
				E0C2F2ABBFFE3C92E01A86C6 /* Frameworks */,
			);
			sourceTree = "<group>";
		};
		229243A72DE5A979009A4F96 /* Products */ = {
			isa = PBXGroup;
			children = (
				229243A62DE5A979009A4F96 /* SporaApp.app */,
				229243BF2DE5A983009A4F96 /* SporaAppTests.xctest */,
				229243C92DE5A983009A4F96 /* SporaAppUITests.xctest */,
			);
			name = Products;
			sourceTree = "<group>";
		};
		229243A82DE5A979009A4F96 /* SporaApp */ = {
			isa = PBXGroup;
			children = (
				22CF1FC92DECF34D009B8C47 /* empty.json */,
				A073C5192DEB623700CF39DE /* splash.json */,
				223321EC2DE876D100959ADB /* Presenter */,
				223322022DE8AABC00959ADB /* View */,
				A0AF51B92DE8B6E500B72BD1 /* Utilites */,
				223321F02DE8779600959ADB /* Resources */,
				223321ED2DE8774C00959ADB /* App */,
				223321EA2DE8768D00959ADB /* Model */,
				229243BA2DE5A982009A4F96 /* Info.plist */,
				229243B22DE5A979009A4F96 /* SporaApp.xcdatamodeld */,
			);
			path = SporaApp;
			sourceTree = "<group>";
		};
		229243C22DE5A983009A4F96 /* SporaAppTests */ = {
			isa = PBXGroup;
			children = (
				229243C32DE5A983009A4F96 /* SporaAppTests.swift */,
			);
			path = SporaAppTests;
			sourceTree = "<group>";
		};
		229243CC2DE5A983009A4F96 /* SporaAppUITests */ = {
			isa = PBXGroup;
			children = (
				229243CD2DE5A983009A4F96 /* SporaAppUITests.swift */,
				229243CF2DE5A983009A4F96 /* SporaAppUITestsLaunchTests.swift */,
			);
			path = SporaAppUITests;
			sourceTree = "<group>";
		};
		A01B2CD12DECE6F800958700 /* TeamsDetails */ = {
			isa = PBXGroup;
			children = (
				A01B2CD22DECE71C00958700 /* TeamsDetailsPresenter.swift */,
			);
			path = TeamsDetails;
			sourceTree = "<group>";
		};
		A01CA4812DEC877900E1C921 /* TeamsDetails */ = {
			isa = PBXGroup;
			children = (
				A01CA4912DECAAC000E1C921 /* xibFiles */,
				A01CA48D2DECA88A00E1C921 /* TeamsDetails.storyboard */,
				A01CA48F2DECA93900E1C921 /* TeamsDetailsViewController.swift */,
				A01CA4922DECAAEA00E1C921 /* TeamsDetailsTableViewCell.swift */,
			);
			path = TeamsDetails;
			sourceTree = "<group>";
		};
		A01CA4912DECAAC000E1C921 /* xibFiles */ = {
			isa = PBXGroup;
			children = (
				A01CA4932DECAAEA00E1C921 /* TeamsDetailsTableViewCell.xib */,
			);
			path = xibFiles;
			sourceTree = "<group>";
		};
		A0AF51B82DE8AF3E00B72BD1 /* Leagues */ = {
			isa = PBXGroup;
			children = (
				A0AF51AF2DE8948D00B72BD1 /* LeaguesPresenter.swift */,
			);
			path = Leagues;
			sourceTree = "<group>";
		};
		A0AF51B92DE8B6E500B72BD1 /* Utilites */ = {
			isa = PBXGroup;
			children = (
				A0AF51BA2DE8B72800B72BD1 /* APIKeys.swift */,
			);
			path = Utilites;
			sourceTree = "<group>";
		};
		E0C2F2ABBFFE3C92E01A86C6 /* Frameworks */ = {
			isa = PBXGroup;
			children = (
				7311FAB2242BCE0A4619BD50 /* Pods_SporaApp.framework */,
				C4A042792D581E0860B5F996 /* Pods_SporaApp_SporaAppUITests.framework */,
				5C4D46B545E17AA4436C6E43 /* Pods_SporaAppTests.framework */,
			);
			name = Frameworks;
			sourceTree = "<group>";
		};
/* End PBXGroup section */

/* Begin PBXNativeTarget section */
		229243A52DE5A979009A4F96 /* SporaApp */ = {
			isa = PBXNativeTarget;
			buildConfigurationList = 229243D32DE5A983009A4F96 /* Build configuration list for PBXNativeTarget "SporaApp" */;
			buildPhases = (
				229243A22DE5A979009A4F96 /* Sources */,
				229243A32DE5A979009A4F96 /* Frameworks */,
				229243A42DE5A979009A4F96 /* Resources */,
			);
			buildRules = (
			);
			dependencies = (
			);
			name = SporaApp;
			packageProductDependencies = (
				2220BC722DEA5C09008BF1DE /* Lottie */,
				2220BC752DEA5D7D008BF1DE /* Alamofire */,
				2220BC822DEA7350008BF1DE /* Kingfisher */,
			);
			productName = SporaApp;
			productReference = 229243A62DE5A979009A4F96 /* SporaApp.app */;
			productType = "com.apple.product-type.application";
		};
		229243BE2DE5A983009A4F96 /* SporaAppTests */ = {
			isa = PBXNativeTarget;
			buildConfigurationList = 229243D62DE5A983009A4F96 /* Build configuration list for PBXNativeTarget "SporaAppTests" */;
			buildPhases = (
				BDFCD12F9B34885EB87590C4 /* [CP] Check Pods Manifest.lock */,
				229243BB2DE5A983009A4F96 /* Sources */,
				229243BC2DE5A983009A4F96 /* Frameworks */,
				229243BD2DE5A983009A4F96 /* Resources */,
			);
			buildRules = (
			);
			dependencies = (
				229243C12DE5A983009A4F96 /* PBXTargetDependency */,
			);
			name = SporaAppTests;
			productName = SporaAppTests;
			productReference = 229243BF2DE5A983009A4F96 /* SporaAppTests.xctest */;
			productType = "com.apple.product-type.bundle.unit-test";
		};
		229243C82DE5A983009A4F96 /* SporaAppUITests */ = {
			isa = PBXNativeTarget;
			buildConfigurationList = 229243D92DE5A983009A4F96 /* Build configuration list for PBXNativeTarget "SporaAppUITests" */;
			buildPhases = (
				79517E74239ED51D65CC1465 /* [CP] Check Pods Manifest.lock */,
				229243C52DE5A983009A4F96 /* Sources */,
				229243C62DE5A983009A4F96 /* Frameworks */,
				229243C72DE5A983009A4F96 /* Resources */,
				1335CFFD21A14E1AC2F7B2DC /* [CP] Embed Pods Frameworks */,
			);
			buildRules = (
			);
			dependencies = (
				229243CB2DE5A983009A4F96 /* PBXTargetDependency */,
			);
			name = SporaAppUITests;
			productName = SporaAppUITests;
			productReference = 229243C92DE5A983009A4F96 /* SporaAppUITests.xctest */;
			productType = "com.apple.product-type.bundle.ui-testing";
		};
/* End PBXNativeTarget section */

/* Begin PBXProject section */
		2292439E2DE5A979009A4F96 /* Project object */ = {
			isa = PBXProject;
			attributes = {
				BuildIndependentTargetsInParallel = 1;
				LastSwiftUpdateCheck = 1430;
				LastUpgradeCheck = 1430;
				TargetAttributes = {
					229243A52DE5A979009A4F96 = {
						CreatedOnToolsVersion = 14.3.1;
					};
					229243BE2DE5A983009A4F96 = {
						CreatedOnToolsVersion = 14.3.1;
						TestTargetID = 229243A52DE5A979009A4F96;
					};
					229243C82DE5A983009A4F96 = {
						CreatedOnToolsVersion = 14.3.1;
						TestTargetID = 229243A52DE5A979009A4F96;
					};
				};
			};
			buildConfigurationList = 229243A12DE5A979009A4F96 /* Build configuration list for PBXProject "SporaApp" */;
			compatibilityVersion = "Xcode 14.0";
			developmentRegion = en;
			hasScannedForEncodings = 0;
			knownRegions = (
				en,
				Base,
			);
			mainGroup = 2292439D2DE5A979009A4F96;
			packageReferences = (
				2220BC712DEA5C09008BF1DE /* XCRemoteSwiftPackageReference "lottie-ios" */,
				2220BC742DEA5D7D008BF1DE /* XCRemoteSwiftPackageReference "Alamofire" */,
				2220BC812DEA7350008BF1DE /* XCRemoteSwiftPackageReference "Kingfisher" */,
			);
			productRefGroup = 229243A72DE5A979009A4F96 /* Products */;
			projectDirPath = "";
			projectRoot = "";
			targets = (
				229243A52DE5A979009A4F96 /* SporaApp */,
				229243BE2DE5A983009A4F96 /* SporaAppTests */,
				229243C82DE5A983009A4F96 /* SporaAppUITests */,
			);
		};
/* End PBXProject section */

/* Begin PBXResourcesBuildPhase section */
		229243A42DE5A979009A4F96 /* Resources */ = {
			isa = PBXResourcesBuildPhase;
			buildActionMask = 2147483647;
			files = (
				A073C51A2DEB623700CF39DE /* splash.json in Resources */,
				A01CA4952DECAAEA00E1C921 /* TeamsDetailsTableViewCell.xib in Resources */,
				223322132DE8C3AA00959ADB /* CategoryCollectionViewCell.xib in Resources */,
				229243B92DE5A982009A4F96 /* LaunchScreen.storyboard in Resources */,
				2220BC7D2DEA6DFA008BF1DE /* LeaguesTableViewCell.xib in Resources */,
				2233220F2DE8C2BB00959ADB /* CategoryCollectionViewController.xib in Resources */,
				A01CA48B2DECA1F900E1C921 /* TeamsCollectionViewCell.xib in Resources */,
				229243B92DE5A982009A4F96 /* LaunchScreen.storyboard in Resources */,
				A01CA48E2DECA88A00E1C921 /* TeamsDetails.storyboard in Resources */,
				229243B62DE5A982009A4F96 /* Assets.xcassets in Resources */,
				22CF1FCA2DECF34F009B8C47 /* empty.json in Resources */,
				2265FEBC2DEC70BC0017B3F7 /* UpComingEventsCollectionViewCell.xib in Resources */,
				22577D812DEBB72A002BF2A1 /* Details.storyboard in Resources */,
				223322212DE90E2300959ADB /* FavoritesTableViewController.xib in Resources */,
				2220BC7E2DEA6DFA008BF1DE /* LeaguesTableViewController.xib in Resources */,
				2220BC6D2DEA4E23008BF1DE /* Main.storyboard in Resources */,
				2224A0BE2DED257A0057BDFF /* LottieeCollectionViewCell.xib in Resources */,
				2233221C2DE905A000959ADB /* TabBar.xib in Resources */,
			);
			runOnlyForDeploymentPostprocessing = 0;
		};
		229243BD2DE5A983009A4F96 /* Resources */ = {
			isa = PBXResourcesBuildPhase;
			buildActionMask = 2147483647;
			files = (
			);
			runOnlyForDeploymentPostprocessing = 0;
		};
		229243C72DE5A983009A4F96 /* Resources */ = {
			isa = PBXResourcesBuildPhase;
			buildActionMask = 2147483647;
			files = (
			);
			runOnlyForDeploymentPostprocessing = 0;
		};
/* End PBXResourcesBuildPhase section */

/* Begin PBXShellScriptBuildPhase section */
		1335CFFD21A14E1AC2F7B2DC /* [CP] Embed Pods Frameworks */ = {
			isa = PBXShellScriptBuildPhase;
			buildActionMask = 2147483647;
			files = (
			);
			inputFileListPaths = (
				"${PODS_ROOT}/Target Support Files/Pods-SporaApp-SporaAppUITests/Pods-SporaApp-SporaAppUITests-frameworks-${CONFIGURATION}-input-files.xcfilelist",
			);
			name = "[CP] Embed Pods Frameworks";
			outputFileListPaths = (
				"${PODS_ROOT}/Target Support Files/Pods-SporaApp-SporaAppUITests/Pods-SporaApp-SporaAppUITests-frameworks-${CONFIGURATION}-output-files.xcfilelist",
			);
			runOnlyForDeploymentPostprocessing = 0;
			shellPath = /bin/sh;
			shellScript = "\"${PODS_ROOT}/Target Support Files/Pods-SporaApp-SporaAppUITests/Pods-SporaApp-SporaAppUITests-frameworks.sh\"\n";
			showEnvVarsInLog = 0;
		};
		79517E74239ED51D65CC1465 /* [CP] Check Pods Manifest.lock */ = {
			isa = PBXShellScriptBuildPhase;
			buildActionMask = 2147483647;
			files = (
			);
			inputFileListPaths = (
			);
			inputPaths = (
				"${PODS_PODFILE_DIR_PATH}/Podfile.lock",
				"${PODS_ROOT}/Manifest.lock",
			);
			name = "[CP] Check Pods Manifest.lock";
			outputFileListPaths = (
			);
			outputPaths = (
				"$(DERIVED_FILE_DIR)/Pods-SporaApp-SporaAppUITests-checkManifestLockResult.txt",
			);
			runOnlyForDeploymentPostprocessing = 0;
			shellPath = /bin/sh;
			shellScript = "diff \"${PODS_PODFILE_DIR_PATH}/Podfile.lock\" \"${PODS_ROOT}/Manifest.lock\" > /dev/null\nif [ $? != 0 ] ; then\n    # print error to STDERR\n    echo \"error: The sandbox is not in sync with the Podfile.lock. Run 'pod install' or update your CocoaPods installation.\" >&2\n    exit 1\nfi\n# This output is used by Xcode 'outputs' to avoid re-running this script phase.\necho \"SUCCESS\" > \"${SCRIPT_OUTPUT_FILE_0}\"\n";
			showEnvVarsInLog = 0;
		};
		BDFCD12F9B34885EB87590C4 /* [CP] Check Pods Manifest.lock */ = {
			isa = PBXShellScriptBuildPhase;
			buildActionMask = 2147483647;
			files = (
			);
			inputFileListPaths = (
			);
			inputPaths = (
				"${PODS_PODFILE_DIR_PATH}/Podfile.lock",
				"${PODS_ROOT}/Manifest.lock",
			);
			name = "[CP] Check Pods Manifest.lock";
			outputFileListPaths = (
			);
			outputPaths = (
				"$(DERIVED_FILE_DIR)/Pods-SporaAppTests-checkManifestLockResult.txt",
			);
			runOnlyForDeploymentPostprocessing = 0;
			shellPath = /bin/sh;
			shellScript = "diff \"${PODS_PODFILE_DIR_PATH}/Podfile.lock\" \"${PODS_ROOT}/Manifest.lock\" > /dev/null\nif [ $? != 0 ] ; then\n    # print error to STDERR\n    echo \"error: The sandbox is not in sync with the Podfile.lock. Run 'pod install' or update your CocoaPods installation.\" >&2\n    exit 1\nfi\n# This output is used by Xcode 'outputs' to avoid re-running this script phase.\necho \"SUCCESS\" > \"${SCRIPT_OUTPUT_FILE_0}\"\n";
			showEnvVarsInLog = 0;
		};
/* End PBXShellScriptBuildPhase section */

/* Begin PBXSourcesBuildPhase section */
		229243A22DE5A979009A4F96 /* Sources */ = {
			isa = PBXSourcesBuildPhase;
			buildActionMask = 2147483647;
			files = (
				229243AA2DE5A979009A4F96 /* AppDelegate.swift in Sources */,
				A01CA4942DECAAEA00E1C921 /* TeamsDetailsTableViewCell.swift in Sources */,
				2233220E2DE8C2BB00959ADB /* CategoryCollectionViewController.swift in Sources */,
				223322202DE90E2300959ADB /* FavoritesTableViewController.swift in Sources */,
				229243AC2DE5A979009A4F96 /* SceneDelegate.swift in Sources */,
				A01CA4902DECA93900E1C921 /* TeamsDetailsViewController.swift in Sources */,
				22577D8A2DEBC522002BF2A1 /* LeaguesDetailsPresenterProtocol.swift in Sources */,
				223322122DE8C3AA00959ADB /* CategoryCollectionViewCell.swift in Sources */,
				A0AF51B02DE8948D00B72BD1 /* LeaguesPresenter.swift in Sources */,
				2265FEBB2DEC70BC0017B3F7 /* UpComingEventsCollectionViewCell.swift in Sources */,
				A01CA4802DEC6B5900E1C921 /* TeamsModel.swift in Sources */,
				229243AC2DE5A979009A4F96 /* SceneDelegate.swift in Sources */,
				A0AF51B52DE8A59600B72BD1 /* NetworkServiceProtocol.swift in Sources */,
				229243B42DE5A979009A4F96 /* SporaApp.xcdatamodeld in Sources */,
				A0AF51BB2DE8B72800B72BD1 /* APIKeys.swift in Sources */,
				22577D832DEBC191002BF2A1 /* DetailsLeaguesCollectionViewController.swift in Sources */,
				223321F42DE8783F00959ADB /* NetworkService.swift in Sources */,
				A01CA4872DEC9FC900E1C921 /* LeaguesDetailsModel.swift in Sources */,
				2233221B2DE905A000959ADB /* TabBar.swift in Sources */,
				2220BC6B2DEA4A63008BF1DE /* ViewController.swift in Sources */,
				223322042DE8AE7000959ADB /* CategoryHomePresenter.swift in Sources */,
				A01B2CD32DECE71C00958700 /* TeamsDetailsPresenter.swift in Sources */,
				223322062DE8AEC600959ADB /* SplashPresenter.swift in Sources */,
				2220BC802DEA6F34008BF1DE /* LeaguesViewControllerProtocol.swift in Sources */,
				22577D882DEBC485002BF2A1 /* LeaguesDetailsPresenter.swift in Sources */,
				A0AF51AD2DE88C6400B72BD1 /* LeaguesTableViewCell.swift in Sources */,
				A01CA48A2DECA1F900E1C921 /* TeamsCollectionViewCell.swift in Sources */,
				A0AF51B72DE8A73D00B72BD1 /* LeaugeModel.swift in Sources */,
				2224A0B82DED07E80057BDFF /* CollectionReusableView.swift in Sources */,
				2224A0BD2DED257A0057BDFF /* LottieeCollectionViewCell.swift in Sources */,
				A0AF51A82DE8877200B72BD1 /* LeaguesTableViewController.swift in Sources */,
			);
			runOnlyForDeploymentPostprocessing = 0;
		};
		229243BB2DE5A983009A4F96 /* Sources */ = {
			isa = PBXSourcesBuildPhase;
			buildActionMask = 2147483647;
			files = (
				229243C42DE5A983009A4F96 /* SporaAppTests.swift in Sources */,
			);
			runOnlyForDeploymentPostprocessing = 0;
		};
		229243C52DE5A983009A4F96 /* Sources */ = {
			isa = PBXSourcesBuildPhase;
			buildActionMask = 2147483647;
			files = (
				229243D02DE5A983009A4F96 /* SporaAppUITestsLaunchTests.swift in Sources */,
				229243CE2DE5A983009A4F96 /* SporaAppUITests.swift in Sources */,
			);
			runOnlyForDeploymentPostprocessing = 0;
		};
/* End PBXSourcesBuildPhase section */

/* Begin PBXTargetDependency section */
		229243C12DE5A983009A4F96 /* PBXTargetDependency */ = {
			isa = PBXTargetDependency;
			target = 229243A52DE5A979009A4F96 /* SporaApp */;
			targetProxy = 229243C02DE5A983009A4F96 /* PBXContainerItemProxy */;
		};
		229243CB2DE5A983009A4F96 /* PBXTargetDependency */ = {
			isa = PBXTargetDependency;
			target = 229243A52DE5A979009A4F96 /* SporaApp */;
			targetProxy = 229243CA2DE5A983009A4F96 /* PBXContainerItemProxy */;
		};
/* End PBXTargetDependency section */

/* Begin PBXVariantGroup section */
		229243B72DE5A982009A4F96 /* LaunchScreen.storyboard */ = {
			isa = PBXVariantGroup;
			children = (
				229243B82DE5A982009A4F96 /* Base */,
			);
			name = LaunchScreen.storyboard;
			sourceTree = "<group>";
		};
/* End PBXVariantGroup section */

/* Begin XCBuildConfiguration section */
		229243D12DE5A983009A4F96 /* Debug */ = {
			isa = XCBuildConfiguration;
			buildSettings = {
				ALWAYS_SEARCH_USER_PATHS = NO;
				CLANG_ANALYZER_NONNULL = YES;
				CLANG_ANALYZER_NUMBER_OBJECT_CONVERSION = YES_AGGRESSIVE;
				CLANG_CXX_LANGUAGE_STANDARD = "gnu++20";
				CLANG_ENABLE_MODULES = YES;
				CLANG_ENABLE_OBJC_ARC = YES;
				CLANG_ENABLE_OBJC_WEAK = YES;
				CLANG_WARN_BLOCK_CAPTURE_AUTORELEASING = YES;
				CLANG_WARN_BOOL_CONVERSION = YES;
				CLANG_WARN_COMMA = YES;
				CLANG_WARN_CONSTANT_CONVERSION = YES;
				CLANG_WARN_DEPRECATED_OBJC_IMPLEMENTATIONS = YES;
				CLANG_WARN_DIRECT_OBJC_ISA_USAGE = YES_ERROR;
				CLANG_WARN_DOCUMENTATION_COMMENTS = YES;
				CLANG_WARN_EMPTY_BODY = YES;
				CLANG_WARN_ENUM_CONVERSION = YES;
				CLANG_WARN_INFINITE_RECURSION = YES;
				CLANG_WARN_INT_CONVERSION = YES;
				CLANG_WARN_NON_LITERAL_NULL_CONVERSION = YES;
				CLANG_WARN_OBJC_IMPLICIT_RETAIN_SELF = YES;
				CLANG_WARN_OBJC_LITERAL_CONVERSION = YES;
				CLANG_WARN_OBJC_ROOT_CLASS = YES_ERROR;
				CLANG_WARN_QUOTED_INCLUDE_IN_FRAMEWORK_HEADER = YES;
				CLANG_WARN_RANGE_LOOP_ANALYSIS = YES;
				CLANG_WARN_STRICT_PROTOTYPES = YES;
				CLANG_WARN_SUSPICIOUS_MOVE = YES;
				CLANG_WARN_UNGUARDED_AVAILABILITY = YES_AGGRESSIVE;
				CLANG_WARN_UNREACHABLE_CODE = YES;
				CLANG_WARN__DUPLICATE_METHOD_MATCH = YES;
				COPY_PHASE_STRIP = NO;
				DEBUG_INFORMATION_FORMAT = dwarf;
				ENABLE_STRICT_OBJC_MSGSEND = YES;
				ENABLE_TESTABILITY = YES;
				GCC_C_LANGUAGE_STANDARD = gnu11;
				GCC_DYNAMIC_NO_PIC = NO;
				GCC_NO_COMMON_BLOCKS = YES;
				GCC_OPTIMIZATION_LEVEL = 0;
				GCC_PREPROCESSOR_DEFINITIONS = (
					"DEBUG=1",
					"$(inherited)",
				);
				GCC_WARN_64_TO_32_BIT_CONVERSION = YES;
				GCC_WARN_ABOUT_RETURN_TYPE = YES_ERROR;
				GCC_WARN_UNDECLARED_SELECTOR = YES;
				GCC_WARN_UNINITIALIZED_AUTOS = YES_AGGRESSIVE;
				GCC_WARN_UNUSED_FUNCTION = YES;
				GCC_WARN_UNUSED_VARIABLE = YES;
				IPHONEOS_DEPLOYMENT_TARGET = 16.4;
				MTL_ENABLE_DEBUG_INFO = INCLUDE_SOURCE;
				MTL_FAST_MATH = YES;
				ONLY_ACTIVE_ARCH = YES;
				SDKROOT = iphoneos;
				SWIFT_ACTIVE_COMPILATION_CONDITIONS = DEBUG;
				SWIFT_OPTIMIZATION_LEVEL = "-Onone";
			};
			name = Debug;
		};
		229243D22DE5A983009A4F96 /* Release */ = {
			isa = XCBuildConfiguration;
			buildSettings = {
				ALWAYS_SEARCH_USER_PATHS = NO;
				CLANG_ANALYZER_NONNULL = YES;
				CLANG_ANALYZER_NUMBER_OBJECT_CONVERSION = YES_AGGRESSIVE;
				CLANG_CXX_LANGUAGE_STANDARD = "gnu++20";
				CLANG_ENABLE_MODULES = YES;
				CLANG_ENABLE_OBJC_ARC = YES;
				CLANG_ENABLE_OBJC_WEAK = YES;
				CLANG_WARN_BLOCK_CAPTURE_AUTORELEASING = YES;
				CLANG_WARN_BOOL_CONVERSION = YES;
				CLANG_WARN_COMMA = YES;
				CLANG_WARN_CONSTANT_CONVERSION = YES;
				CLANG_WARN_DEPRECATED_OBJC_IMPLEMENTATIONS = YES;
				CLANG_WARN_DIRECT_OBJC_ISA_USAGE = YES_ERROR;
				CLANG_WARN_DOCUMENTATION_COMMENTS = YES;
				CLANG_WARN_EMPTY_BODY = YES;
				CLANG_WARN_ENUM_CONVERSION = YES;
				CLANG_WARN_INFINITE_RECURSION = YES;
				CLANG_WARN_INT_CONVERSION = YES;
				CLANG_WARN_NON_LITERAL_NULL_CONVERSION = YES;
				CLANG_WARN_OBJC_IMPLICIT_RETAIN_SELF = YES;
				CLANG_WARN_OBJC_LITERAL_CONVERSION = YES;
				CLANG_WARN_OBJC_ROOT_CLASS = YES_ERROR;
				CLANG_WARN_QUOTED_INCLUDE_IN_FRAMEWORK_HEADER = YES;
				CLANG_WARN_RANGE_LOOP_ANALYSIS = YES;
				CLANG_WARN_STRICT_PROTOTYPES = YES;
				CLANG_WARN_SUSPICIOUS_MOVE = YES;
				CLANG_WARN_UNGUARDED_AVAILABILITY = YES_AGGRESSIVE;
				CLANG_WARN_UNREACHABLE_CODE = YES;
				CLANG_WARN__DUPLICATE_METHOD_MATCH = YES;
				COPY_PHASE_STRIP = NO;
				DEBUG_INFORMATION_FORMAT = "dwarf-with-dsym";
				ENABLE_NS_ASSERTIONS = NO;
				ENABLE_STRICT_OBJC_MSGSEND = YES;
				GCC_C_LANGUAGE_STANDARD = gnu11;
				GCC_NO_COMMON_BLOCKS = YES;
				GCC_WARN_64_TO_32_BIT_CONVERSION = YES;
				GCC_WARN_ABOUT_RETURN_TYPE = YES_ERROR;
				GCC_WARN_UNDECLARED_SELECTOR = YES;
				GCC_WARN_UNINITIALIZED_AUTOS = YES_AGGRESSIVE;
				GCC_WARN_UNUSED_FUNCTION = YES;
				GCC_WARN_UNUSED_VARIABLE = YES;
				IPHONEOS_DEPLOYMENT_TARGET = 16.4;
				MTL_ENABLE_DEBUG_INFO = NO;
				MTL_FAST_MATH = YES;
				SDKROOT = iphoneos;
				SWIFT_COMPILATION_MODE = wholemodule;
				SWIFT_OPTIMIZATION_LEVEL = "-O";
				VALIDATE_PRODUCT = YES;
			};
			name = Release;
		};
		229243D42DE5A983009A4F96 /* Debug */ = {
			isa = XCBuildConfiguration;
			buildSettings = {
				ASSETCATALOG_COMPILER_APPICON_NAME = AppIcon;
				ASSETCATALOG_COMPILER_GLOBAL_ACCENT_COLOR_NAME = AccentColor;
				CODE_SIGN_STYLE = Automatic;
				CURRENT_PROJECT_VERSION = 1;
				GENERATE_INFOPLIST_FILE = YES;
				INFOPLIST_FILE = SporaApp/Info.plist;
				INFOPLIST_KEY_UIApplicationSupportsIndirectInputEvents = YES;
				INFOPLIST_KEY_UILaunchStoryboardName = LaunchScreen;
				INFOPLIST_KEY_UIMainStoryboardFile = Main;
				INFOPLIST_KEY_UISupportedInterfaceOrientations_iPad = "UIInterfaceOrientationPortrait UIInterfaceOrientationPortraitUpsideDown UIInterfaceOrientationLandscapeLeft UIInterfaceOrientationLandscapeRight";
				INFOPLIST_KEY_UISupportedInterfaceOrientations_iPhone = "UIInterfaceOrientationPortrait UIInterfaceOrientationLandscapeLeft UIInterfaceOrientationLandscapeRight";
				LD_RUNPATH_SEARCH_PATHS = (
					"$(inherited)",
					"@executable_path/Frameworks",
				);
				MARKETING_VERSION = 1.0;
				PRODUCT_BUNDLE_IDENTIFIER = iti.SporaApp;
				PRODUCT_NAME = "$(TARGET_NAME)";
				SWIFT_EMIT_LOC_STRINGS = YES;
				SWIFT_VERSION = 5.0;
				TARGETED_DEVICE_FAMILY = "1,2";
			};
			name = Debug;
		};
		229243D52DE5A983009A4F96 /* Release */ = {
			isa = XCBuildConfiguration;
			buildSettings = {
				ASSETCATALOG_COMPILER_APPICON_NAME = AppIcon;
				ASSETCATALOG_COMPILER_GLOBAL_ACCENT_COLOR_NAME = AccentColor;
				CODE_SIGN_STYLE = Automatic;
				CURRENT_PROJECT_VERSION = 1;
				GENERATE_INFOPLIST_FILE = YES;
				INFOPLIST_FILE = SporaApp/Info.plist;
				INFOPLIST_KEY_UIApplicationSupportsIndirectInputEvents = YES;
				INFOPLIST_KEY_UILaunchStoryboardName = LaunchScreen;
				INFOPLIST_KEY_UIMainStoryboardFile = Main;
				INFOPLIST_KEY_UISupportedInterfaceOrientations_iPad = "UIInterfaceOrientationPortrait UIInterfaceOrientationPortraitUpsideDown UIInterfaceOrientationLandscapeLeft UIInterfaceOrientationLandscapeRight";
				INFOPLIST_KEY_UISupportedInterfaceOrientations_iPhone = "UIInterfaceOrientationPortrait UIInterfaceOrientationLandscapeLeft UIInterfaceOrientationLandscapeRight";
				LD_RUNPATH_SEARCH_PATHS = (
					"$(inherited)",
					"@executable_path/Frameworks",
				);
				MARKETING_VERSION = 1.0;
				PRODUCT_BUNDLE_IDENTIFIER = iti.SporaApp;
				PRODUCT_NAME = "$(TARGET_NAME)";
				SWIFT_EMIT_LOC_STRINGS = YES;
				SWIFT_VERSION = 5.0;
				TARGETED_DEVICE_FAMILY = "1,2";
			};
			name = Release;
		};
		229243D72DE5A983009A4F96 /* Debug */ = {
			isa = XCBuildConfiguration;
			buildSettings = {
				ALWAYS_EMBED_SWIFT_STANDARD_LIBRARIES = YES;
				BUNDLE_LOADER = "$(TEST_HOST)";
				CODE_SIGN_STYLE = Automatic;
				CURRENT_PROJECT_VERSION = 1;
				GENERATE_INFOPLIST_FILE = YES;
				IPHONEOS_DEPLOYMENT_TARGET = 16.4;
				MARKETING_VERSION = 1.0;
				PRODUCT_BUNDLE_IDENTIFIER = iti.SporaAppTests;
				PRODUCT_NAME = "$(TARGET_NAME)";
				SWIFT_EMIT_LOC_STRINGS = NO;
				SWIFT_VERSION = 5.0;
				TARGETED_DEVICE_FAMILY = "1,2";
				TEST_HOST = "$(BUILT_PRODUCTS_DIR)/SporaApp.app/$(BUNDLE_EXECUTABLE_FOLDER_PATH)/SporaApp";
			};
			name = Debug;
		};
		229243D82DE5A983009A4F96 /* Release */ = {
			isa = XCBuildConfiguration;
			buildSettings = {
				ALWAYS_EMBED_SWIFT_STANDARD_LIBRARIES = YES;
				BUNDLE_LOADER = "$(TEST_HOST)";
				CODE_SIGN_STYLE = Automatic;
				CURRENT_PROJECT_VERSION = 1;
				GENERATE_INFOPLIST_FILE = YES;
				IPHONEOS_DEPLOYMENT_TARGET = 16.4;
				MARKETING_VERSION = 1.0;
				PRODUCT_BUNDLE_IDENTIFIER = iti.SporaAppTests;
				PRODUCT_NAME = "$(TARGET_NAME)";
				SWIFT_EMIT_LOC_STRINGS = NO;
				SWIFT_VERSION = 5.0;
				TARGETED_DEVICE_FAMILY = "1,2";
				TEST_HOST = "$(BUILT_PRODUCTS_DIR)/SporaApp.app/$(BUNDLE_EXECUTABLE_FOLDER_PATH)/SporaApp";
			};
			name = Release;
		};
		229243DA2DE5A983009A4F96 /* Debug */ = {
			isa = XCBuildConfiguration;
			buildSettings = {
				ALWAYS_EMBED_SWIFT_STANDARD_LIBRARIES = YES;
				CODE_SIGN_STYLE = Automatic;
				CURRENT_PROJECT_VERSION = 1;
				GENERATE_INFOPLIST_FILE = YES;
				MARKETING_VERSION = 1.0;
				PRODUCT_BUNDLE_IDENTIFIER = iti.SporaAppUITests;
				PRODUCT_NAME = "$(TARGET_NAME)";
				SWIFT_EMIT_LOC_STRINGS = NO;
				SWIFT_VERSION = 5.0;
				TARGETED_DEVICE_FAMILY = "1,2";
				TEST_TARGET_NAME = SporaApp;
			};
			name = Debug;
		};
		229243DB2DE5A983009A4F96 /* Release */ = {
			isa = XCBuildConfiguration;
			buildSettings = {
				ALWAYS_EMBED_SWIFT_STANDARD_LIBRARIES = YES;
				CODE_SIGN_STYLE = Automatic;
				CURRENT_PROJECT_VERSION = 1;
				GENERATE_INFOPLIST_FILE = YES;
				MARKETING_VERSION = 1.0;
				PRODUCT_BUNDLE_IDENTIFIER = iti.SporaAppUITests;
				PRODUCT_NAME = "$(TARGET_NAME)";
				SWIFT_EMIT_LOC_STRINGS = NO;
				SWIFT_VERSION = 5.0;
				TARGETED_DEVICE_FAMILY = "1,2";
				TEST_TARGET_NAME = SporaApp;
			};
			name = Release;
		};
/* End XCBuildConfiguration section */

/* Begin XCConfigurationList section */
		229243A12DE5A979009A4F96 /* Build configuration list for PBXProject "SporaApp" */ = {
			isa = XCConfigurationList;
			buildConfigurations = (
				229243D12DE5A983009A4F96 /* Debug */,
				229243D22DE5A983009A4F96 /* Release */,
			);
			defaultConfigurationIsVisible = 0;
			defaultConfigurationName = Release;
		};
		229243D32DE5A983009A4F96 /* Build configuration list for PBXNativeTarget "SporaApp" */ = {
			isa = XCConfigurationList;
			buildConfigurations = (
				229243D42DE5A983009A4F96 /* Debug */,
				229243D52DE5A983009A4F96 /* Release */,
			);
			defaultConfigurationIsVisible = 0;
			defaultConfigurationName = Release;
		};
		229243D62DE5A983009A4F96 /* Build configuration list for PBXNativeTarget "SporaAppTests" */ = {
			isa = XCConfigurationList;
			buildConfigurations = (
				229243D72DE5A983009A4F96 /* Debug */,
				229243D82DE5A983009A4F96 /* Release */,
			);
			defaultConfigurationIsVisible = 0;
			defaultConfigurationName = Release;
		};
		229243D92DE5A983009A4F96 /* Build configuration list for PBXNativeTarget "SporaAppUITests" */ = {
			isa = XCConfigurationList;
			buildConfigurations = (
				229243DA2DE5A983009A4F96 /* Debug */,
				229243DB2DE5A983009A4F96 /* Release */,
			);
			defaultConfigurationIsVisible = 0;
			defaultConfigurationName = Release;
		};
/* End XCConfigurationList section */

/* Begin XCRemoteSwiftPackageReference section */
		2220BC712DEA5C09008BF1DE /* XCRemoteSwiftPackageReference "lottie-ios" */ = {
			isa = XCRemoteSwiftPackageReference;
			repositoryURL = "https://github.com/airbnb/lottie-ios";
			requirement = {
				kind = upToNextMajorVersion;
				minimumVersion = 3.4.0;
			};
		};
		2220BC742DEA5D7D008BF1DE /* XCRemoteSwiftPackageReference "Alamofire" */ = {
			isa = XCRemoteSwiftPackageReference;
			repositoryURL = "https://github.com/Alamofire/Alamofire";
			requirement = {
				kind = upToNextMajorVersion;
				minimumVersion = 5.9.0;
			};
		};
		2220BC812DEA7350008BF1DE /* XCRemoteSwiftPackageReference "Kingfisher" */ = {
			isa = XCRemoteSwiftPackageReference;
			repositoryURL = "https://github.com/onevcat/Kingfisher.git";
			requirement = {
				kind = upToNextMajorVersion;
				minimumVersion = 7.12.0;
			};
		};
/* End XCRemoteSwiftPackageReference section */

/* Begin XCSwiftPackageProductDependency section */
		2220BC722DEA5C09008BF1DE /* Lottie */ = {
			isa = XCSwiftPackageProductDependency;
			package = 2220BC712DEA5C09008BF1DE /* XCRemoteSwiftPackageReference "lottie-ios" */;
			productName = Lottie;
		};
		2220BC752DEA5D7D008BF1DE /* Alamofire */ = {
			isa = XCSwiftPackageProductDependency;
			package = 2220BC742DEA5D7D008BF1DE /* XCRemoteSwiftPackageReference "Alamofire" */;
			productName = Alamofire;
		};
		2220BC822DEA7350008BF1DE /* Kingfisher */ = {
			isa = XCSwiftPackageProductDependency;
			package = 2220BC812DEA7350008BF1DE /* XCRemoteSwiftPackageReference "Kingfisher" */;
			productName = Kingfisher;
		};
/* End XCSwiftPackageProductDependency section */

/* Begin XCVersionGroup section */
		229243B22DE5A979009A4F96 /* SporaApp.xcdatamodeld */ = {
			isa = XCVersionGroup;
			children = (
				229243B32DE5A979009A4F96 /* SporaApp.xcdatamodel */,
			);
			currentVersion = 229243B32DE5A979009A4F96 /* SporaApp.xcdatamodel */;
			path = SporaApp.xcdatamodeld;
			sourceTree = "<group>";
			versionGroupType = wrapper.xcdatamodel;
		};
/* End XCVersionGroup section */
	};
	rootObject = 2292439E2DE5A979009A4F96 /* Project object */;
}
